
Microsoft Visual Studio Solution File, Format Version 12.00
# Visual Studio Version 16
VisualStudioVersion = 16.0.29519.87
MinimumVisualStudioVersion = 10.0.40219.1
Project("{8BC9CEB8-8B4A-11D0-8D11-00A0C91BC942}") = "RayTracerLib", "RayTracerLib\RayTracerLib.vcxproj", "{06BEFB6E-55C5-4114-B0FF-F38E5F03C20B}"
EndProject
Project("{8BC9CEB8-8B4A-11D0-8D11-00A0C91BC942}") = "Tests", "Tests\Tests.vcxproj", "{B6B14AB8-88E4-455A-AAB2-57758E9DE066}"
	ProjectSection(ProjectDependencies) = postProject
		{06BEFB6E-55C5-4114-B0FF-F38E5F03C20B} = {06BEFB6E-55C5-4114-B0FF-F38E5F03C20B}
	EndProjectSection
EndProject
Global
	GlobalSection(SolutionConfigurationPlatforms) = preSolution
		Debug|x64 = Debug|x64
		Debug|x86 = Debug|x86
		Release|x64 = Release|x64
		Release|x86 = Release|x86
	EndGlobalSection
	GlobalSection(ProjectConfigurationPlatforms) = postSolution
		{06BEFB6E-55C5-4114-B0FF-F38E5F03C20B}.Debug|x64.ActiveCfg = Debug|x64
		{06BEFB6E-55C5-4114-B0FF-F38E5F03C20B}.Debug|x64.Build.0 = Debug|x64
		{06BEFB6E-55C5-4114-B0FF-F38E5F03C20B}.Debug|x86.ActiveCfg = Debug|Win32
		{06BEFB6E-55C5-4114-B0FF-F38E5F03C20B}.Debug|x86.Build.0 = Debug|Win32
		{06BEFB6E-55C5-4114-B0FF-F38E5F03C20B}.Release|x64.ActiveCfg = Release|x64
		{06BEFB6E-55C5-4114-B0FF-F38E5F03C20B}.Release|x64.Build.0 = Release|x64
		{06BEFB6E-55C5-4114-B0FF-F38E5F03C20B}.Release|x86.ActiveCfg = Release|Win32
		{06BEFB6E-55C5-4114-B0FF-F38E5F03C20B}.Release|x86.Build.0 = Release|Win32
		{B6B14AB8-88E4-455A-AAB2-57758E9DE066}.Debug|x64.ActiveCfg = Debug|x64
		{B6B14AB8-88E4-455A-AAB2-57758E9DE066}.Debug|x64.Build.0 = Debug|x64
		{B6B14AB8-88E4-455A-AAB2-57758E9DE066}.Debug|x86.ActiveCfg = Debug|Win32
		{B6B14AB8-88E4-455A-AAB2-57758E9DE066}.Debug|x86.Build.0 = Debug|Win32
		{B6B14AB8-88E4-455A-AAB2-57758E9DE066}.Release|x64.ActiveCfg = Release|x64
		{B6B14AB8-88E4-455A-AAB2-57758E9DE066}.Release|x64.Build.0 = Release|x64
		{B6B14AB8-88E4-455A-AAB2-57758E9DE066}.Release|x86.ActiveCfg = Release|Win32
		{B6B14AB8-88E4-455A-AAB2-57758E9DE066}.Release|x86.Build.0 = Release|Win32
	EndGlobalSection
	GlobalSection(SolutionProperties) = preSolution
		HideSolutionNode = FALSE
	EndGlobalSection
	GlobalSection(ExtensibilityGlobals) = postSolution
		SolutionGuid = {54F1F109-87C4-4E53-8CF8-8FBF42AAE1BF}
	EndGlobalSection
EndGlobal
